
Microsoft Visual Studio Solution File, Format Version 12.00
# Visual Studio Version 16
VisualStudioVersion = 16.0.30621.155
MinimumVisualStudioVersion = 10.0.40219.1
Project("{8BC9CEB8-8B4A-11D0-8D11-00A0C91BC942}") = "With_lib", "With_lib.vcxproj", "{BCB4EA53-6A4B-4ABE-B944-475A58BBB109}"
EndProject
Global
	GlobalSection(SolutionConfigurationPlatforms) = preSolution
		Debug|x64 = Debug|x64
		Debug|x86 = Debug|x86
		Release|x64 = Release|x64
		Release|x86 = Release|x86
	EndGlobalSection
	GlobalSection(ProjectConfigurationPlatforms) = postSolution
		{BCB4EA53-6A4B-4ABE-B944-475A58BBB109}.Debug|x64.ActiveCfg = Debug|x64
		{BCB4EA53-6A4B-4ABE-B944-475A58BBB109}.Debug|x64.Build.0 = Debug|x64
		{BCB4EA53-6A4B-4ABE-B944-475A58BBB109}.Debug|x86.ActiveCfg = Debug|Win32
		{BCB4EA53-6A4B-4ABE-B944-475A58BBB109}.Debug|x86.Build.0 = Debug|Win32
		{BCB4EA53-6A4B-4ABE-B944-475A58BBB109}.Release|x64.ActiveCfg = Release|x64
		{BCB4EA53-6A4B-4ABE-B944-475A58BBB109}.Release|x64.Build.0 = Release|x64
		{BCB4EA53-6A4B-4ABE-B944-475A58BBB109}.Release|x86.ActiveCfg = Release|Win32
		{BCB4EA53-6A4B-4ABE-B944-475A58BBB109}.Release|x86.Build.0 = Release|Win32
	EndGlobalSection
	GlobalSection(SolutionProperties) = preSolution
		HideSolutionNode = FALSE
	EndGlobalSection
	GlobalSection(ExtensibilityGlobals) = postSolution
		SolutionGuid = {CE701064-0858-45C3-B927-97F55501EC4D}
	EndGlobalSection
EndGlobal
